{
  "lockfileVersion": 1,
  "configVersion": 1,
  "workspaces": {
    "": {
      "name": "orcs",
    },
    "example": {
      "name": "orcs-example",
      "version": "0.1.0",
      "dependencies": {
        "@jevido/orcs": "workspace:*",
      },
    },
    "packages/orcs": {
      "name": "@jevido/orcs",
      "version": "0.1.0",
      "bin": {
        "orcs": "./bin/orcs.js",
      },
    },
  },
  "packages": {
    "@jevido/orcs": ["@jevido/orcs@workspace:packages/orcs"],

    "orcs-example": ["orcs-example@workspace:example"],
  }
}
